NeoBundleLock neobundle.vim 69c65de516c8a02853743053e6602b90a1a82c8e
NeoBundleLock neocomplete 035313d0b561db521cd7ba1ebbe88528850ba559
NeoBundleLock tcomment_vim 8955e2ee67194de3b6b763b7f01e3c164411c0e6
NeoBundleLock unite.vim 87bbba956bab3473aca1556d830417643a9fa53a
NeoBundleLock vim-latex 908ef75937ce908998edb4bd01c7152704978f3e
